
Microsoft Visual Studio Solution File, Format Version 12.00
# Visual Studio Version 16
VisualStudioVersion = 16.0.29926.136
MinimumVisualStudioVersion = 10.0.40219.1
Project("{FAE04EC0-301F-11D3-BF4B-00C04F79EFBC}") = "API", "WebShop\API.csproj", "{A668EE47-D643-46BC-9A2D-2DF947B03F25}"
EndProject
Project("{FAE04EC0-301F-11D3-BF4B-00C04F79EFBC}") = "Core", "Core\Core.csproj", "{F1029FE9-87BC-455D-B785-FF8563DB338C}"
EndProject
Project("{FAE04EC0-301F-11D3-BF4B-00C04F79EFBC}") = "Infrastructure", "Infrastructure\Infrastructure.csproj", "{B2F46A37-A989-4D15-B81A-72E3D0897020}"
EndProject
Global
	GlobalSection(SolutionConfigurationPlatforms) = preSolution
		Debug|Any CPU = Debug|Any CPU
		Release|Any CPU = Release|Any CPU
	EndGlobalSection
	GlobalSection(ProjectConfigurationPlatforms) = postSolution
		{A668EE47-D643-46BC-9A2D-2DF947B03F25}.Debug|Any CPU.ActiveCfg = Debug|Any CPU
		{A668EE47-D643-46BC-9A2D-2DF947B03F25}.Debug|Any CPU.Build.0 = Debug|Any CPU
		{A668EE47-D643-46BC-9A2D-2DF947B03F25}.Release|Any CPU.ActiveCfg = Release|Any CPU
		{A668EE47-D643-46BC-9A2D-2DF947B03F25}.Release|Any CPU.Build.0 = Release|Any CPU
		{F1029FE9-87BC-455D-B785-FF8563DB338C}.Debug|Any CPU.ActiveCfg = Debug|Any CPU
		{F1029FE9-87BC-455D-B785-FF8563DB338C}.Debug|Any CPU.Build.0 = Debug|Any CPU
		{F1029FE9-87BC-455D-B785-FF8563DB338C}.Release|Any CPU.ActiveCfg = Release|Any CPU
		{F1029FE9-87BC-455D-B785-FF8563DB338C}.Release|Any CPU.Build.0 = Release|Any CPU
		{B2F46A37-A989-4D15-B81A-72E3D0897020}.Debug|Any CPU.ActiveCfg = Debug|Any CPU
		{B2F46A37-A989-4D15-B81A-72E3D0897020}.Debug|Any CPU.Build.0 = Debug|Any CPU
		{B2F46A37-A989-4D15-B81A-72E3D0897020}.Release|Any CPU.ActiveCfg = Release|Any CPU
		{B2F46A37-A989-4D15-B81A-72E3D0897020}.Release|Any CPU.Build.0 = Release|Any CPU
	EndGlobalSection
	GlobalSection(SolutionProperties) = preSolution
		HideSolutionNode = FALSE
	EndGlobalSection
	GlobalSection(ExtensibilityGlobals) = postSolution
		SolutionGuid = {57227171-BECA-48C8-84E2-30E0C31B7EBF}
	EndGlobalSection
EndGlobal
